
Microsoft Visual Studio Solution File, Format Version 12.00
# Visual Studio Version 16
VisualStudioVersion = 16.0.810.25
MinimumVisualStudioVersion = 10.0.40219.1
Project("{FAE04EC0-301F-11D3-BF4B-00C04F79EFBC}") = "LinqPractices", "LinqPractices\LinqPractices.csproj", "{6053FD39-6183-47DA-AEAA-A9AE5A74DE95}"
EndProject
Global
	GlobalSection(SolutionConfigurationPlatforms) = preSolution
		Debug|Any CPU = Debug|Any CPU
		Release|Any CPU = Release|Any CPU
	EndGlobalSection
	GlobalSection(ProjectConfigurationPlatforms) = postSolution
		{6053FD39-6183-47DA-AEAA-A9AE5A74DE95}.Debug|Any CPU.ActiveCfg = Debug|Any CPU
		{6053FD39-6183-47DA-AEAA-A9AE5A74DE95}.Debug|Any CPU.Build.0 = Debug|Any CPU
		{6053FD39-6183-47DA-AEAA-A9AE5A74DE95}.Release|Any CPU.ActiveCfg = Release|Any CPU
		{6053FD39-6183-47DA-AEAA-A9AE5A74DE95}.Release|Any CPU.Build.0 = Release|Any CPU
	EndGlobalSection
	GlobalSection(SolutionProperties) = preSolution
		HideSolutionNode = FALSE
	EndGlobalSection
	GlobalSection(ExtensibilityGlobals) = postSolution
		SolutionGuid = {A33C33EB-33B0-45D5-B472-DD474CE971AB}
	EndGlobalSection
EndGlobal
